// !$*UTF8*$!
{
	archiveVersion = 1;
	classes = {
	};
	objectVersion = 50;
	objects = {

/* Begin PBXBuildFile section */
		8A25585226E794390009974C /* AppDelegate.swift in Sources */ = {isa = PBXBuildFile; fileRef = 8A25585126E794390009974C /* AppDelegate.swift */; };
		8A25585426E794390009974C /* SceneDelegate.swift in Sources */ = {isa = PBXBuildFile; fileRef = 8A25585326E794390009974C /* SceneDelegate.swift */; };
		8A25585626E794390009974C /* SourceViewController.swift in Sources */ = {isa = PBXBuildFile; fileRef = 8A25585526E794390009974C /* SourceViewController.swift */; };
		8A25585926E794390009974C /* Main.storyboard in Resources */ = {isa = PBXBuildFile; fileRef = 8A25585726E794390009974C /* Main.storyboard */; };
		8A25585B26E7943D0009974C /* Assets.xcassets in Resources */ = {isa = PBXBuildFile; fileRef = 8A25585A26E7943D0009974C /* Assets.xcassets */; };
		8A25585E26E7943D0009974C /* LaunchScreen.storyboard in Resources */ = {isa = PBXBuildFile; fileRef = 8A25585C26E7943D0009974C /* LaunchScreen.storyboard */; };
		8A25586726E8D2C90009974C /* SelectPrefectureViewController.swift in Sources */ = {isa = PBXBuildFile; fileRef = 8A25586626E8D2C90009974C /* SelectPrefectureViewController.swift */; };
		8A25586B26E8E3C60009974C /* PrefectureTableViewCell.swift in Sources */ = {isa = PBXBuildFile; fileRef = 8A25586926E8E3C60009974C /* PrefectureTableViewCell.swift */; };
		8A25586C26E8E3C60009974C /* PrefectureTableViewCell.xib in Resources */ = {isa = PBXBuildFile; fileRef = 8A25586A26E8E3C60009974C /* PrefectureTableViewCell.xib */; };
		8A25587426E8E89F0009974C /* PrefectureModel.swift in Sources */ = {isa = PBXBuildFile; fileRef = 8A25587326E8E89F0009974C /* PrefectureModel.swift */; };
		8A25587926E8FA5E0009974C /* APIClient.swift in Sources */ = {isa = PBXBuildFile; fileRef = 8A25587826E8FA5E0009974C /* APIClient.swift */; };
		8A25588426EB56DA0009974C /* APIError.swift in Sources */ = {isa = PBXBuildFile; fileRef = 8A25588326EB56DA0009974C /* APIError.swift */; };
		92C80AF908E1C1A37BD1DB28 /* Pods_chyamadaKadai11.framework in Frameworks */ = {isa = PBXBuildFile; fileRef = E1DC1F8C500799651A260669 /* Pods_chyamadaKadai11.framework */; };
/* End PBXBuildFile section */

/* Begin PBXFileReference section */
		58BE3EADA51CA95E169ECDFC /* Pods-chyamadaKadai11.debug.xcconfig */ = {isa = PBXFileReference; includeInIndex = 1; lastKnownFileType = text.xcconfig; name = "Pods-chyamadaKadai11.debug.xcconfig"; path = "Target Support Files/Pods-chyamadaKadai11/Pods-chyamadaKadai11.debug.xcconfig"; sourceTree = "<group>"; };
		8A25584E26E794390009974C /* chyamadaKadai11.app */ = {isa = PBXFileReference; explicitFileType = wrapper.application; includeInIndex = 0; path = chyamadaKadai11.app; sourceTree = BUILT_PRODUCTS_DIR; };
		8A25585126E794390009974C /* AppDelegate.swift */ = {isa = PBXFileReference; lastKnownFileType = sourcecode.swift; path = AppDelegate.swift; sourceTree = "<group>"; };
		8A25585326E794390009974C /* SceneDelegate.swift */ = {isa = PBXFileReference; lastKnownFileType = sourcecode.swift; path = SceneDelegate.swift; sourceTree = "<group>"; };
		8A25585526E794390009974C /* SourceViewController.swift */ = {isa = PBXFileReference; lastKnownFileType = sourcecode.swift; path = SourceViewController.swift; sourceTree = "<group>"; };
		8A25585826E794390009974C /* Base */ = {isa = PBXFileReference; lastKnownFileType = file.storyboard; name = Base; path = Base.lproj/Main.storyboard; sourceTree = "<group>"; };
		8A25585A26E7943D0009974C /* Assets.xcassets */ = {isa = PBXFileReference; lastKnownFileType = folder.assetcatalog; path = Assets.xcassets; sourceTree = "<group>"; };
		8A25585D26E7943D0009974C /* Base */ = {isa = PBXFileReference; lastKnownFileType = file.storyboard; name = Base; path = Base.lproj/LaunchScreen.storyboard; sourceTree = "<group>"; };
		8A25585F26E7943D0009974C /* Info.plist */ = {isa = PBXFileReference; lastKnownFileType = text.plist.xml; path = Info.plist; sourceTree = "<group>"; };
		8A25586626E8D2C90009974C /* SelectPrefectureViewController.swift */ = {isa = PBXFileReference; lastKnownFileType = sourcecode.swift; path = SelectPrefectureViewController.swift; sourceTree = "<group>"; };
		8A25586926E8E3C60009974C /* PrefectureTableViewCell.swift */ = {isa = PBXFileReference; lastKnownFileType = sourcecode.swift; path = PrefectureTableViewCell.swift; sourceTree = "<group>"; };
		8A25586A26E8E3C60009974C /* PrefectureTableViewCell.xib */ = {isa = PBXFileReference; lastKnownFileType = file.xib; path = PrefectureTableViewCell.xib; sourceTree = "<group>"; };
		8A25587326E8E89F0009974C /* PrefectureModel.swift */ = {isa = PBXFileReference; lastKnownFileType = sourcecode.swift; path = PrefectureModel.swift; sourceTree = "<group>"; };
		8A25587826E8FA5E0009974C /* APIClient.swift */ = {isa = PBXFileReference; lastKnownFileType = sourcecode.swift; path = APIClient.swift; sourceTree = "<group>"; };
		8A25588326EB56DA0009974C /* APIError.swift */ = {isa = PBXFileReference; lastKnownFileType = sourcecode.swift; path = APIError.swift; sourceTree = "<group>"; };
		97EAC946FD2FCA3903C9A8BB /* Pods-chyamadaKadai11.release.xcconfig */ = {isa = PBXFileReference; includeInIndex = 1; lastKnownFileType = text.xcconfig; name = "Pods-chyamadaKadai11.release.xcconfig"; path = "Target Support Files/Pods-chyamadaKadai11/Pods-chyamadaKadai11.release.xcconfig"; sourceTree = "<group>"; };
		E1DC1F8C500799651A260669 /* Pods_chyamadaKadai11.framework */ = {isa = PBXFileReference; explicitFileType = wrapper.framework; includeInIndex = 0; path = Pods_chyamadaKadai11.framework; sourceTree = BUILT_PRODUCTS_DIR; };
/* End PBXFileReference section */

/* Begin PBXFrameworksBuildPhase section */
		8A25584B26E794390009974C /* Frameworks */ = {
			isa = PBXFrameworksBuildPhase;
			buildActionMask = 2147483647;
			files = (
				92C80AF908E1C1A37BD1DB28 /* Pods_chyamadaKadai11.framework in Frameworks */,
			);
			runOnlyForDeploymentPostprocessing = 0;
		};
/* End PBXFrameworksBuildPhase section */

/* Begin PBXGroup section */
		1E33CEDE11155636DEF0D37A /* Frameworks */ = {
			isa = PBXGroup;
			children = (
				E1DC1F8C500799651A260669 /* Pods_chyamadaKadai11.framework */,
			);
			name = Frameworks;
			sourceTree = "<group>";
		};
		8A25584526E794390009974C = {
			isa = PBXGroup;
			children = (
				8A25585026E794390009974C /* chyamadaKadai11 */,
				8A25584F26E794390009974C /* Products */,
				D8E86E6832337D99AEE74CC0 /* Pods */,
				1E33CEDE11155636DEF0D37A /* Frameworks */,
			);
			sourceTree = "<group>";
		};
		8A25584F26E794390009974C /* Products */ = {
			isa = PBXGroup;
			children = (
				8A25584E26E794390009974C /* chyamadaKadai11.app */,
			);
			name = Products;
			sourceTree = "<group>";
		};
		8A25585026E794390009974C /* chyamadaKadai11 */ = {
			isa = PBXGroup;
			children = (
				8A25587726E8FA4A0009974C /* Utility */,
				8A25587126E8E3F30009974C /* Model */,
				8A25587026E8E3EC0009974C /* ViewController */,
				8A25586E26E8E3CD0009974C /* View */,
				8A25585126E794390009974C /* AppDelegate.swift */,
				8A25585326E794390009974C /* SceneDelegate.swift */,
				8A25585726E794390009974C /* Main.storyboard */,
				8A25585A26E7943D0009974C /* Assets.xcassets */,
				8A25585C26E7943D0009974C /* LaunchScreen.storyboard */,
				8A25585F26E7943D0009974C /* Info.plist */,
			);
			path = chyamadaKadai11;
			sourceTree = "<group>";
		};
		8A25586E26E8E3CD0009974C /* View */ = {
			isa = PBXGroup;
			children = (
				8A25586926E8E3C60009974C /* PrefectureTableViewCell.swift */,
				8A25586A26E8E3C60009974C /* PrefectureTableViewCell.xib */,
			);
			path = View;
			sourceTree = "<group>";
		};
		8A25587026E8E3EC0009974C /* ViewController */ = {
			isa = PBXGroup;
			children = (
				8A25585526E794390009974C /* SourceViewController.swift */,
				8A25586626E8D2C90009974C /* SelectPrefectureViewController.swift */,
			);
			path = ViewController;
			sourceTree = "<group>";
		};
		8A25587126E8E3F30009974C /* Model */ = {
			isa = PBXGroup;
			children = (
				8A25587326E8E89F0009974C /* PrefectureModel.swift */,
			);
			path = Model;
			sourceTree = "<group>";
		};
		8A25587726E8FA4A0009974C /* Utility */ = {
			isa = PBXGroup;
			children = (
				8A25587826E8FA5E0009974C /* APIClient.swift */,
				8A25588326EB56DA0009974C /* APIError.swift */,
			);
			path = Utility;
			sourceTree = "<group>";
		};
		D8E86E6832337D99AEE74CC0 /* Pods */ = {
			isa = PBXGroup;
			children = (
				58BE3EADA51CA95E169ECDFC /* Pods-chyamadaKadai11.debug.xcconfig */,
				97EAC946FD2FCA3903C9A8BB /* Pods-chyamadaKadai11.release.xcconfig */,
			);
			path = Pods;
			sourceTree = "<group>";
		};
/* End PBXGroup section */

/* Begin PBXNativeTarget section */
		8A25584D26E794390009974C /* chyamadaKadai11 */ = {
			isa = PBXNativeTarget;
			buildConfigurationList = 8A25586226E7943D0009974C /* Build configuration list for PBXNativeTarget "chyamadaKadai11" */;
			buildPhases = (
				D8B16C1B34F00AE9025FC41D /* [CP] Check Pods Manifest.lock */,
				8A25584A26E794390009974C /* Sources */,
				8A25584B26E794390009974C /* Frameworks */,
				8A25584C26E794390009974C /* Resources */,
				8A25588926EB62C50009974C /* ShellScript */,
			);
			buildRules = (
			);
			dependencies = (
			);
			name = chyamadaKadai11;
			productName = chyamadaKadai11;
			productReference = 8A25584E26E794390009974C /* chyamadaKadai11.app */;
			productType = "com.apple.product-type.application";
		};
/* End PBXNativeTarget section */

/* Begin PBXProject section */
		8A25584626E794390009974C /* Project object */ = {
			isa = PBXProject;
			attributes = {
				LastSwiftUpdateCheck = 1240;
				LastUpgradeCheck = 1240;
				TargetAttributes = {
					8A25584D26E794390009974C = {
						CreatedOnToolsVersion = 12.4;
					};
				};
			};
			buildConfigurationList = 8A25584926E794390009974C /* Build configuration list for PBXProject "chyamadaKadai11" */;
			compatibilityVersion = "Xcode 9.3";
			developmentRegion = en;
			hasScannedForEncodings = 0;
			knownRegions = (
				en,
				Base,
			);
			mainGroup = 8A25584526E794390009974C;
			productRefGroup = 8A25584F26E794390009974C /* Products */;
			projectDirPath = "";
			projectRoot = "";
			targets = (
				8A25584D26E794390009974C /* chyamadaKadai11 */,
			);
		};
/* End PBXProject section */

/* Begin PBXResourcesBuildPhase section */
		8A25584C26E794390009974C /* Resources */ = {
			isa = PBXResourcesBuildPhase;
			buildActionMask = 2147483647;
			files = (
				8A25586C26E8E3C60009974C /* PrefectureTableViewCell.xib in Resources */,
				8A25585E26E7943D0009974C /* LaunchScreen.storyboard in Resources */,
				8A25585B26E7943D0009974C /* Assets.xcassets in Resources */,
				8A25585926E794390009974C /* Main.storyboard in Resources */,
			);
			runOnlyForDeploymentPostprocessing = 0;
		};
/* End PBXResourcesBuildPhase section */

/* Begin PBXShellScriptBuildPhase section */
		8A25588926EB62C50009974C /* ShellScript */ = {
			isa = PBXShellScriptBuildPhase;
			buildActionMask = 2147483647;
			files = (
			);
			inputFileListPaths = (
			);
			inputPaths = (
			);
			outputFileListPaths = (
			);
			outputPaths = (
			);
			runOnlyForDeploymentPostprocessing = 0;
			shellPath = /bin/sh;
			shellScript = "# Type a script or drag a script file from your workspace to insert its path.\nif which \"${PODS_ROOT}/SwiftLint/swiftlint\" >/dev/null; then\n    swiftlint autocorrect --format\n    swiftlint\nelse\n    echo \"warning: SwiftLint not installed, download from https://github.com/realm/SwiftLint\"\nfi\n";
		};
		D8B16C1B34F00AE9025FC41D /* [CP] Check Pods Manifest.lock */ = {
			isa = PBXShellScriptBuildPhase;
			buildActionMask = 2147483647;
			files = (
			);
			inputFileListPaths = (
			);
			inputPaths = (
				"${PODS_PODFILE_DIR_PATH}/Podfile.lock",
				"${PODS_ROOT}/Manifest.lock",
			);
			name = "[CP] Check Pods Manifest.lock";
			outputFileListPaths = (
			);
			outputPaths = (
				"$(DERIVED_FILE_DIR)/Pods-chyamadaKadai11-checkManifestLockResult.txt",
			);
			runOnlyForDeploymentPostprocessing = 0;
			shellPath = /bin/sh;
			shellScript = "diff \"${PODS_PODFILE_DIR_PATH}/Podfile.lock\" \"${PODS_ROOT}/Manifest.lock\" > /dev/null\nif [ $? != 0 ] ; then\n    # print error to STDERR\n    echo \"error: The sandbox is not in sync with the Podfile.lock. Run 'pod install' or update your CocoaPods installation.\" >&2\n    exit 1\nfi\n# This output is used by Xcode 'outputs' to avoid re-running this script phase.\necho \"SUCCESS\" > \"${SCRIPT_OUTPUT_FILE_0}\"\n";
			showEnvVarsInLog = 0;
		};
/* End PBXShellScriptBuildPhase section */

/* Begin PBXSourcesBuildPhase section */
		8A25584A26E794390009974C /* Sources */ = {
			isa = PBXSourcesBuildPhase;
			buildActionMask = 2147483647;
			files = (
				8A25587426E8E89F0009974C /* PrefectureModel.swift in Sources */,
				8A25587926E8FA5E0009974C /* APIClient.swift in Sources */,
				8A25585626E794390009974C /* SourceViewController.swift in Sources */,
				8A25585226E794390009974C /* AppDelegate.swift in Sources */,
				8A25586B26E8E3C60009974C /* PrefectureTableViewCell.swift in Sources */,
				8A25588426EB56DA0009974C /* APIError.swift in Sources */,
				8A25585426E794390009974C /* SceneDelegate.swift in Sources */,
				8A25586726E8D2C90009974C /* SelectPrefectureViewController.swift in Sources */,
			);
			runOnlyForDeploymentPostprocessing = 0;
		};
/* End PBXSourcesBuildPhase section */

/* Begin PBXVariantGroup section */
		8A25585726E794390009974C /* Main.storyboard */ = {
			isa = PBXVariantGroup;
			children = (
				8A25585826E794390009974C /* Base */,
			);
			name = Main.storyboard;
			sourceTree = "<group>";
		};
		8A25585C26E7943D0009974C /* LaunchScreen.storyboard */ = {
			isa = PBXVariantGroup;
			children = (
				8A25585D26E7943D0009974C /* Base */,
			);
			name = LaunchScreen.storyboard;
			sourceTree = "<group>";
		};
/* End PBXVariantGroup section */

/* Begin XCBuildConfiguration section */
		8A25586026E7943D0009974C /* Debug */ = {
			isa = XCBuildConfiguration;
			buildSettings = {
				ALWAYS_SEARCH_USER_PATHS = NO;
				CLANG_ANALYZER_NONNULL = YES;
				CLANG_ANALYZER_NUMBER_OBJECT_CONVERSION = YES_AGGRESSIVE;
				CLANG_CXX_LANGUAGE_STANDARD = "gnu++14";
				CLANG_CXX_LIBRARY = "libc++";
				CLANG_ENABLE_MODULES = YES;
				CLANG_ENABLE_OBJC_ARC = YES;
				CLANG_ENABLE_OBJC_WEAK = YES;
				CLANG_WARN_BLOCK_CAPTURE_AUTORELEASING = YES;
				CLANG_WARN_BOOL_CONVERSION = YES;
				CLANG_WARN_COMMA = YES;
				CLANG_WARN_CONSTANT_CONVERSION = YES;
				CLANG_WARN_DEPRECATED_OBJC_IMPLEMENTATIONS = YES;
				CLANG_WARN_DIRECT_OBJC_ISA_USAGE = YES_ERROR;
				CLANG_WARN_DOCUMENTATION_COMMENTS = YES;
				CLANG_WARN_EMPTY_BODY = YES;
				CLANG_WARN_ENUM_CONVERSION = YES;
				CLANG_WARN_INFINITE_RECURSION = YES;
				CLANG_WARN_INT_CONVERSION = YES;
				CLANG_WARN_NON_LITERAL_NULL_CONVERSION = YES;
				CLANG_WARN_OBJC_IMPLICIT_RETAIN_SELF = YES;
				CLANG_WARN_OBJC_LITERAL_CONVERSION = YES;
				CLANG_WARN_OBJC_ROOT_CLASS = YES_ERROR;
				CLANG_WARN_QUOTED_INCLUDE_IN_FRAMEWORK_HEADER = YES;
				CLANG_WARN_RANGE_LOOP_ANALYSIS = YES;
				CLANG_WARN_STRICT_PROTOTYPES = YES;
				CLANG_WARN_SUSPICIOUS_MOVE = YES;
				CLANG_WARN_UNGUARDED_AVAILABILITY = YES_AGGRESSIVE;
				CLANG_WARN_UNREACHABLE_CODE = YES;
				CLANG_WARN__DUPLICATE_METHOD_MATCH = YES;
				COPY_PHASE_STRIP = NO;
				DEBUG_INFORMATION_FORMAT = dwarf;
				ENABLE_STRICT_OBJC_MSGSEND = YES;
				ENABLE_TESTABILITY = YES;
				GCC_C_LANGUAGE_STANDARD = gnu11;
				GCC_DYNAMIC_NO_PIC = NO;
				GCC_NO_COMMON_BLOCKS = YES;
				GCC_OPTIMIZATION_LEVEL = 0;
				GCC_PREPROCESSOR_DEFINITIONS = (
					"DEBUG=1",
					"$(inherited)",
				);
				GCC_WARN_64_TO_32_BIT_CONVERSION = YES;
				GCC_WARN_ABOUT_RETURN_TYPE = YES_ERROR;
				GCC_WARN_UNDECLARED_SELECTOR = YES;
				GCC_WARN_UNINITIALIZED_AUTOS = YES_AGGRESSIVE;
				GCC_WARN_UNUSED_FUNCTION = YES;
				GCC_WARN_UNUSED_VARIABLE = YES;
				IPHONEOS_DEPLOYMENT_TARGET = 14.4;
				MTL_ENABLE_DEBUG_INFO = INCLUDE_SOURCE;
				MTL_FAST_MATH = YES;
				ONLY_ACTIVE_ARCH = YES;
				SDKROOT = iphoneos;
				SWIFT_ACTIVE_COMPILATION_CONDITIONS = DEBUG;
				SWIFT_OPTIMIZATION_LEVEL = "-Onone";
			};
			name = Debug;
		};
		8A25586126E7943D0009974C /* Release */ = {
			isa = XCBuildConfiguration;
			buildSettings = {
				ALWAYS_SEARCH_USER_PATHS = NO;
				CLANG_ANALYZER_NONNULL = YES;
				CLANG_ANALYZER_NUMBER_OBJECT_CONVERSION = YES_AGGRESSIVE;
				CLANG_CXX_LANGUAGE_STANDARD = "gnu++14";
				CLANG_CXX_LIBRARY = "libc++";
				CLANG_ENABLE_MODULES = YES;
				CLANG_ENABLE_OBJC_ARC = YES;
				CLANG_ENABLE_OBJC_WEAK = YES;
				CLANG_WARN_BLOCK_CAPTURE_AUTORELEASING = YES;
				CLANG_WARN_BOOL_CONVERSION = YES;
				CLANG_WARN_COMMA = YES;
				CLANG_WARN_CONSTANT_CONVERSION = YES;
				CLANG_WARN_DEPRECATED_OBJC_IMPLEMENTATIONS = YES;
				CLANG_WARN_DIRECT_OBJC_ISA_USAGE = YES_ERROR;
				CLANG_WARN_DOCUMENTATION_COMMENTS = YES;
				CLANG_WARN_EMPTY_BODY = YES;
				CLANG_WARN_ENUM_CONVERSION = YES;
				CLANG_WARN_INFINITE_RECURSION = YES;
				CLANG_WARN_INT_CONVERSION = YES;
				CLANG_WARN_NON_LITERAL_NULL_CONVERSION = YES;
				CLANG_WARN_OBJC_IMPLICIT_RETAIN_SELF = YES;
				CLANG_WARN_OBJC_LITERAL_CONVERSION = YES;
				CLANG_WARN_OBJC_ROOT_CLASS = YES_ERROR;
				CLANG_WARN_QUOTED_INCLUDE_IN_FRAMEWORK_HEADER = YES;
				CLANG_WARN_RANGE_LOOP_ANALYSIS = YES;
				CLANG_WARN_STRICT_PROTOTYPES = YES;
				CLANG_WARN_SUSPICIOUS_MOVE = YES;
				CLANG_WARN_UNGUARDED_AVAILABILITY = YES_AGGRESSIVE;
				CLANG_WARN_UNREACHABLE_CODE = YES;
				CLANG_WARN__DUPLICATE_METHOD_MATCH = YES;
				COPY_PHASE_STRIP = NO;
				DEBUG_INFORMATION_FORMAT = "dwarf-with-dsym";
				ENABLE_NS_ASSERTIONS = NO;
				ENABLE_STRICT_OBJC_MSGSEND = YES;
				GCC_C_LANGUAGE_STANDARD = gnu11;
				GCC_NO_COMMON_BLOCKS = YES;
				GCC_WARN_64_TO_32_BIT_CONVERSION = YES;
				GCC_WARN_ABOUT_RETURN_TYPE = YES_ERROR;
				GCC_WARN_UNDECLARED_SELECTOR = YES;
				GCC_WARN_UNINITIALIZED_AUTOS = YES_AGGRESSIVE;
				GCC_WARN_UNUSED_FUNCTION = YES;
				GCC_WARN_UNUSED_VARIABLE = YES;
				IPHONEOS_DEPLOYMENT_TARGET = 14.4;
				MTL_ENABLE_DEBUG_INFO = NO;
				MTL_FAST_MATH = YES;
				SDKROOT = iphoneos;
				SWIFT_COMPILATION_MODE = wholemodule;
				SWIFT_OPTIMIZATION_LEVEL = "-O";
				VALIDATE_PRODUCT = YES;
			};
			name = Release;
		};
		8A25586326E7943D0009974C /* Debug */ = {
			isa = XCBuildConfiguration;
			baseConfigurationReference = 58BE3EADA51CA95E169ECDFC /* Pods-chyamadaKadai11.debug.xcconfig */;
			buildSettings = {
				ASSETCATALOG_COMPILER_APPICON_NAME = AppIcon;
				ASSETCATALOG_COMPILER_GLOBAL_ACCENT_COLOR_NAME = AccentColor;
				CODE_SIGN_STYLE = Automatic;
				INFOPLIST_FILE = chyamadaKadai11/Info.plist;
				LD_RUNPATH_SEARCH_PATHS = (
					"$(inherited)",
					"@executable_path/Frameworks",
				);
				PRODUCT_BUNDLE_IDENTIFIER = toaster.chyamadaKadai11;
				PRODUCT_NAME = "$(TARGET_NAME)";
				SWIFT_VERSION = 5.0;
				TARGETED_DEVICE_FAMILY = "1,2";
			};
			name = Debug;
		};
		8A25586426E7943D0009974C /* Release */ = {
			isa = XCBuildConfiguration;
			baseConfigurationReference = 97EAC946FD2FCA3903C9A8BB /* Pods-chyamadaKadai11.release.xcconfig */;
			buildSettings = {
				ASSETCATALOG_COMPILER_APPICON_NAME = AppIcon;
				ASSETCATALOG_COMPILER_GLOBAL_ACCENT_COLOR_NAME = AccentColor;
				CODE_SIGN_STYLE = Automatic;
				INFOPLIST_FILE = chyamadaKadai11/Info.plist;
				LD_RUNPATH_SEARCH_PATHS = (
					"$(inherited)",
					"@executable_path/Frameworks",
				);
				PRODUCT_BUNDLE_IDENTIFIER = toaster.chyamadaKadai11;
				PRODUCT_NAME = "$(TARGET_NAME)";
				SWIFT_VERSION = 5.0;
				TARGETED_DEVICE_FAMILY = "1,2";
			};
			name = Release;
		};
/* End XCBuildConfiguration section */

/* Begin XCConfigurationList section */
		8A25584926E794390009974C /* Build configuration list for PBXProject "chyamadaKadai11" */ = {
			isa = XCConfigurationList;
			buildConfigurations = (
				8A25586026E7943D0009974C /* Debug */,
				8A25586126E7943D0009974C /* Release */,
			);
			defaultConfigurationIsVisible = 0;
			defaultConfigurationName = Release;
		};
		8A25586226E7943D0009974C /* Build configuration list for PBXNativeTarget "chyamadaKadai11" */ = {
			isa = XCConfigurationList;
			buildConfigurations = (
				8A25586326E7943D0009974C /* Debug */,
				8A25586426E7943D0009974C /* Release */,
			);
			defaultConfigurationIsVisible = 0;
			defaultConfigurationName = Release;
		};
/* End XCConfigurationList section */
	};
	rootObject = 8A25584626E794390009974C /* Project object */;
}
